
Microsoft Visual Studio Solution File, Format Version 12.00
# Visual Studio Version 17
VisualStudioVersion = 17.0.31903.59
MinimumVisualStudioVersion = 10.0.40219.1
Project("{2150E333-8FDC-42A3-9474-1A3956D46DE8}") = "src", "src", "{827E0CD3-B72D-47B6-A68D-7590B98EB39B}"
EndProject
Project("{FAE04EC0-301F-11D3-BF4B-00C04F79EFBC}") = "Core", "src\Core\Core.csproj", "{4AFEE5CF-E83A-494B-B74E-EF986988D90D}"
EndProject
Project("{FAE04EC0-301F-11D3-BF4B-00C04F79EFBC}") = "Infrastructure", "src\Infrastructure\Infrastructure.csproj", "{37183E24-6690-4192-9520-0B9F8CA502F3}"
EndProject
Project("{FAE04EC0-301F-11D3-BF4B-00C04F79EFBC}") = "Services", "src\Services\Services.csproj", "{3BF494AF-352B-45D4-A219-3556545A9D42}"
EndProject
Project("{FAE04EC0-301F-11D3-BF4B-00C04F79EFBC}") = "UI", "src\UI\UI.csproj", "{09FF06D1-8DB1-477A-ABA2-CFB401C7CDAF}"
EndProject
Project("{FAE04EC0-301F-11D3-BF4B-00C04F79EFBC}") = "Common", "src\Common\Common.csproj", "{B87FD191-94BC-4CCD-96B9-549BF97B6812}"
EndProject
Project("{FAE04EC0-301F-11D3-BF4B-00C04F79EFBC}") = "Legacy.ModuleA", "src\Legacy.ModuleA\Legacy.ModuleA.csproj", "{00532678-AAAE-478A-B7EB-6087AC1365AF}"
EndProject
Project("{FAE04EC0-301F-11D3-BF4B-00C04F79EFBC}") = "Legacy.ModuleB", "src\Legacy.ModuleB\Legacy.ModuleB.csproj", "{FCD3BA57-E870-4A4E-A80E-AB252772118A}"
EndProject
Global
	GlobalSection(SolutionConfigurationPlatforms) = preSolution
		Debug|Any CPU = Debug|Any CPU
		Debug|x64 = Debug|x64
		Debug|x86 = Debug|x86
		Release|Any CPU = Release|Any CPU
		Release|x64 = Release|x64
		Release|x86 = Release|x86
	EndGlobalSection
	GlobalSection(ProjectConfigurationPlatforms) = postSolution
		{4AFEE5CF-E83A-494B-B74E-EF986988D90D}.Debug|Any CPU.ActiveCfg = Debug|Any CPU
		{4AFEE5CF-E83A-494B-B74E-EF986988D90D}.Debug|Any CPU.Build.0 = Debug|Any CPU
		{4AFEE5CF-E83A-494B-B74E-EF986988D90D}.Debug|x64.ActiveCfg = Debug|Any CPU
		{4AFEE5CF-E83A-494B-B74E-EF986988D90D}.Debug|x64.Build.0 = Debug|Any CPU
		{4AFEE5CF-E83A-494B-B74E-EF986988D90D}.Debug|x86.ActiveCfg = Debug|Any CPU
		{4AFEE5CF-E83A-494B-B74E-EF986988D90D}.Debug|x86.Build.0 = Debug|Any CPU
		{4AFEE5CF-E83A-494B-B74E-EF986988D90D}.Release|Any CPU.ActiveCfg = Release|Any CPU
		{4AFEE5CF-E83A-494B-B74E-EF986988D90D}.Release|Any CPU.Build.0 = Release|Any CPU
		{4AFEE5CF-E83A-494B-B74E-EF986988D90D}.Release|x64.ActiveCfg = Release|Any CPU
		{4AFEE5CF-E83A-494B-B74E-EF986988D90D}.Release|x64.Build.0 = Release|Any CPU
		{4AFEE5CF-E83A-494B-B74E-EF986988D90D}.Release|x86.ActiveCfg = Release|Any CPU
		{4AFEE5CF-E83A-494B-B74E-EF986988D90D}.Release|x86.Build.0 = Release|Any CPU
		{37183E24-6690-4192-9520-0B9F8CA502F3}.Debug|Any CPU.ActiveCfg = Debug|Any CPU
		{37183E24-6690-4192-9520-0B9F8CA502F3}.Debug|Any CPU.Build.0 = Debug|Any CPU
		{37183E24-6690-4192-9520-0B9F8CA502F3}.Debug|x64.ActiveCfg = Debug|Any CPU
		{37183E24-6690-4192-9520-0B9F8CA502F3}.Debug|x64.Build.0 = Debug|Any CPU
		{37183E24-6690-4192-9520-0B9F8CA502F3}.Debug|x86.ActiveCfg = Debug|Any CPU
		{37183E24-6690-4192-9520-0B9F8CA502F3}.Debug|x86.Build.0 = Debug|Any CPU
		{37183E24-6690-4192-9520-0B9F8CA502F3}.Release|Any CPU.ActiveCfg = Release|Any CPU
		{37183E24-6690-4192-9520-0B9F8CA502F3}.Release|Any CPU.Build.0 = Release|Any CPU
		{37183E24-6690-4192-9520-0B9F8CA502F3}.Release|x64.ActiveCfg = Release|Any CPU
		{37183E24-6690-4192-9520-0B9F8CA502F3}.Release|x64.Build.0 = Release|Any CPU
		{37183E24-6690-4192-9520-0B9F8CA502F3}.Release|x86.ActiveCfg = Release|Any CPU
		{37183E24-6690-4192-9520-0B9F8CA502F3}.Release|x86.Build.0 = Release|Any CPU
		{3BF494AF-352B-45D4-A219-3556545A9D42}.Debug|Any CPU.ActiveCfg = Debug|Any CPU
		{3BF494AF-352B-45D4-A219-3556545A9D42}.Debug|Any CPU.Build.0 = Debug|Any CPU
		{3BF494AF-352B-45D4-A219-3556545A9D42}.Debug|x64.ActiveCfg = Debug|Any CPU
		{3BF494AF-352B-45D4-A219-3556545A9D42}.Debug|x64.Build.0 = Debug|Any CPU
		{3BF494AF-352B-45D4-A219-3556545A9D42}.Debug|x86.ActiveCfg = Debug|Any CPU
		{3BF494AF-352B-45D4-A219-3556545A9D42}.Debug|x86.Build.0 = Debug|Any CPU
		{3BF494AF-352B-45D4-A219-3556545A9D42}.Release|Any CPU.ActiveCfg = Release|Any CPU
		{3BF494AF-352B-45D4-A219-3556545A9D42}.Release|Any CPU.Build.0 = Release|Any CPU
		{3BF494AF-352B-45D4-A219-3556545A9D42}.Release|x64.ActiveCfg = Release|Any CPU
		{3BF494AF-352B-45D4-A219-3556545A9D42}.Release|x64.Build.0 = Release|Any CPU
		{3BF494AF-352B-45D4-A219-3556545A9D42}.Release|x86.ActiveCfg = Release|Any CPU
		{3BF494AF-352B-45D4-A219-3556545A9D42}.Release|x86.Build.0 = Release|Any CPU
		{09FF06D1-8DB1-477A-ABA2-CFB401C7CDAF}.Debug|Any CPU.ActiveCfg = Debug|Any CPU
		{09FF06D1-8DB1-477A-ABA2-CFB401C7CDAF}.Debug|Any CPU.Build.0 = Debug|Any CPU
		{09FF06D1-8DB1-477A-ABA2-CFB401C7CDAF}.Debug|x64.ActiveCfg = Debug|Any CPU
		{09FF06D1-8DB1-477A-ABA2-CFB401C7CDAF}.Debug|x64.Build.0 = Debug|Any CPU
		{09FF06D1-8DB1-477A-ABA2-CFB401C7CDAF}.Debug|x86.ActiveCfg = Debug|Any CPU
		{09FF06D1-8DB1-477A-ABA2-CFB401C7CDAF}.Debug|x86.Build.0 = Debug|Any CPU
		{09FF06D1-8DB1-477A-ABA2-CFB401C7CDAF}.Release|Any CPU.ActiveCfg = Release|Any CPU
		{09FF06D1-8DB1-477A-ABA2-CFB401C7CDAF}.Release|Any CPU.Build.0 = Release|Any CPU
		{09FF06D1-8DB1-477A-ABA2-CFB401C7CDAF}.Release|x64.ActiveCfg = Release|Any CPU
		{09FF06D1-8DB1-477A-ABA2-CFB401C7CDAF}.Release|x64.Build.0 = Release|Any CPU
		{09FF06D1-8DB1-477A-ABA2-CFB401C7CDAF}.Release|x86.ActiveCfg = Release|Any CPU
		{09FF06D1-8DB1-477A-ABA2-CFB401C7CDAF}.Release|x86.Build.0 = Release|Any CPU
		{B87FD191-94BC-4CCD-96B9-549BF97B6812}.Debug|Any CPU.ActiveCfg = Debug|Any CPU
		{B87FD191-94BC-4CCD-96B9-549BF97B6812}.Debug|Any CPU.Build.0 = Debug|Any CPU
		{B87FD191-94BC-4CCD-96B9-549BF97B6812}.Debug|x64.ActiveCfg = Debug|Any CPU
		{B87FD191-94BC-4CCD-96B9-549BF97B6812}.Debug|x64.Build.0 = Debug|Any CPU
		{B87FD191-94BC-4CCD-96B9-549BF97B6812}.Debug|x86.ActiveCfg = Debug|Any CPU
		{B87FD191-94BC-4CCD-96B9-549BF97B6812}.Debug|x86.Build.0 = Debug|Any CPU
		{B87FD191-94BC-4CCD-96B9-549BF97B6812}.Release|Any CPU.ActiveCfg = Release|Any CPU
		{B87FD191-94BC-4CCD-96B9-549BF97B6812}.Release|Any CPU.Build.0 = Release|Any CPU
		{B87FD191-94BC-4CCD-96B9-549BF97B6812}.Release|x64.ActiveCfg = Release|Any CPU
		{B87FD191-94BC-4CCD-96B9-549BF97B6812}.Release|x64.Build.0 = Release|Any CPU
		{B87FD191-94BC-4CCD-96B9-549BF97B6812}.Release|x86.ActiveCfg = Release|Any CPU
		{B87FD191-94BC-4CCD-96B9-549BF97B6812}.Release|x86.Build.0 = Release|Any CPU
		{00532678-AAAE-478A-B7EB-6087AC1365AF}.Debug|Any CPU.ActiveCfg = Debug|Any CPU
		{00532678-AAAE-478A-B7EB-6087AC1365AF}.Debug|Any CPU.Build.0 = Debug|Any CPU
		{00532678-AAAE-478A-B7EB-6087AC1365AF}.Debug|x64.ActiveCfg = Debug|Any CPU
		{00532678-AAAE-478A-B7EB-6087AC1365AF}.Debug|x64.Build.0 = Debug|Any CPU
		{00532678-AAAE-478A-B7EB-6087AC1365AF}.Debug|x86.ActiveCfg = Debug|Any CPU
		{00532678-AAAE-478A-B7EB-6087AC1365AF}.Debug|x86.Build.0 = Debug|Any CPU
		{00532678-AAAE-478A-B7EB-6087AC1365AF}.Release|Any CPU.ActiveCfg = Release|Any CPU
		{00532678-AAAE-478A-B7EB-6087AC1365AF}.Release|Any CPU.Build.0 = Release|Any CPU
		{00532678-AAAE-478A-B7EB-6087AC1365AF}.Release|x64.ActiveCfg = Release|Any CPU
		{00532678-AAAE-478A-B7EB-6087AC1365AF}.Release|x64.Build.0 = Release|Any CPU
		{00532678-AAAE-478A-B7EB-6087AC1365AF}.Release|x86.ActiveCfg = Release|Any CPU
		{00532678-AAAE-478A-B7EB-6087AC1365AF}.Release|x86.Build.0 = Release|Any CPU
		{FCD3BA57-E870-4A4E-A80E-AB252772118A}.Debug|Any CPU.ActiveCfg = Debug|Any CPU
		{FCD3BA57-E870-4A4E-A80E-AB252772118A}.Debug|Any CPU.Build.0 = Debug|Any CPU
		{FCD3BA57-E870-4A4E-A80E-AB252772118A}.Debug|x64.ActiveCfg = Debug|Any CPU
		{FCD3BA57-E870-4A4E-A80E-AB252772118A}.Debug|x64.Build.0 = Debug|Any CPU
		{FCD3BA57-E870-4A4E-A80E-AB252772118A}.Debug|x86.ActiveCfg = Debug|Any CPU
		{FCD3BA57-E870-4A4E-A80E-AB252772118A}.Debug|x86.Build.0 = Debug|Any CPU
		{FCD3BA57-E870-4A4E-A80E-AB252772118A}.Release|Any CPU.ActiveCfg = Release|Any CPU
		{FCD3BA57-E870-4A4E-A80E-AB252772118A}.Release|Any CPU.Build.0 = Release|Any CPU
		{FCD3BA57-E870-4A4E-A80E-AB252772118A}.Release|x64.ActiveCfg = Release|Any CPU
		{FCD3BA57-E870-4A4E-A80E-AB252772118A}.Release|x64.Build.0 = Release|Any CPU
		{FCD3BA57-E870-4A4E-A80E-AB252772118A}.Release|x86.ActiveCfg = Release|Any CPU
		{FCD3BA57-E870-4A4E-A80E-AB252772118A}.Release|x86.Build.0 = Release|Any CPU
	EndGlobalSection
	GlobalSection(SolutionProperties) = preSolution
		HideSolutionNode = FALSE
	EndGlobalSection
	GlobalSection(NestedProjects) = preSolution
		{4AFEE5CF-E83A-494B-B74E-EF986988D90D} = {827E0CD3-B72D-47B6-A68D-7590B98EB39B}
		{37183E24-6690-4192-9520-0B9F8CA502F3} = {827E0CD3-B72D-47B6-A68D-7590B98EB39B}
		{3BF494AF-352B-45D4-A219-3556545A9D42} = {827E0CD3-B72D-47B6-A68D-7590B98EB39B}
		{09FF06D1-8DB1-477A-ABA2-CFB401C7CDAF} = {827E0CD3-B72D-47B6-A68D-7590B98EB39B}
		{B87FD191-94BC-4CCD-96B9-549BF97B6812} = {827E0CD3-B72D-47B6-A68D-7590B98EB39B}
		{00532678-AAAE-478A-B7EB-6087AC1365AF} = {827E0CD3-B72D-47B6-A68D-7590B98EB39B}
		{FCD3BA57-E870-4A4E-A80E-AB252772118A} = {827E0CD3-B72D-47B6-A68D-7590B98EB39B}
	EndGlobalSection
EndGlobal
